# THIS IS AN AUTOGENERATED FILE. DO NOT EDIT THIS FILE DIRECTLY.
# yarn lockfile v1


"@types/accepts@*":
  version "1.3.3"
  resolved "http://r.npm.sankuai.com/@types/accepts/download/@types/accepts-1.3.3.tgz#6da8c6e3144566feec7ce2176828f1c47523f1ab"

"@types/body-parser@*":
  version "1.16.8"
  resolved "http://r.npm.sankuai.com/@types/body-parser/download/@types/body-parser-1.16.8.tgz#687ec34140624a3bec2b1a8ea9268478ae8f3be3"
  dependencies:
    "@types/express" "*"
    "@types/node" "*"

"@types/connect@*":
  version "3.4.31"
  resolved "http://r.npm.sankuai.com/@types/connect/download/@types/connect-3.4.31.tgz#1f92d6b117ecc05076c49ecd024f7976e528bad9"
  dependencies:
    "@types/node" "*"

"@types/cookies@*":
  version "0.7.1"
  resolved "http://r.npm.sankuai.com/@types/cookies/download/@types/cookies-0.7.1.tgz#f9f204bd6767d389eea3b87609e30c090c77a540"
  dependencies:
    "@types/connect" "*"
    "@types/express" "*"
    "@types/keygrip" "*"
    "@types/node" "*"

"@types/events@*":
  version "1.1.0"
  resolved "http://r.npm.sankuai.com/@types/events/download/@types/events-1.1.0.tgz#93b1be91f63c184450385272c47b6496fd028e02"

"@types/express-serve-static-core@*":
  version "4.0.57"
  resolved "http://r.npm.sankuai.com/@types/express-serve-static-core/download/@types/express-serve-static-core-4.0.57.tgz#3cd8ab4b11d5ecd70393bada7fc1c480491537dd"
  dependencies:
    "@types/node" "*"

"@types/express@*":
  version "4.0.39"
  resolved "http://r.npm.sankuai.com/@types/express/download/@types/express-4.0.39.tgz#1441f21d52b33be8d4fa8a865c15a6a91cd0fa09"
  dependencies:
    "@types/body-parser" "*"
    "@types/express-serve-static-core" "*"
    "@types/serve-static" "*"

"@types/http-assert@*":
  version "1.2.2"
  resolved "http://r.npm.sankuai.com/@types/http-assert/download/@types/http-assert-1.2.2.tgz#17dfe5a82184a8898935d96fe2eaedd37d22d9a4"

"@types/keygrip@*":
  version "1.0.1"
  resolved "http://r.npm.sankuai.com/@types/keygrip/download/@types/keygrip-1.0.1.tgz#ff540462d2fb4d0a88441ceaf27d287b01c3d878"

"@types/koa-compose@*":
  version "3.2.2"
  resolved "http://r.npm.sankuai.com/@types/koa-compose/download/@types/koa-compose-3.2.2.tgz#dc106e000bbf92a3ac900f756df47344887ee847"

"@types/koa@^2.0.42":
  version "2.0.42"
  resolved "http://r.npm.sankuai.com/@types/koa/download/@types/koa-2.0.42.tgz#f644d30c354549ea60168fbf201f6e2320177cd1"
  dependencies:
    "@types/accepts" "*"
    "@types/cookies" "*"
    "@types/events" "*"
    "@types/http-assert" "*"
    "@types/keygrip" "*"
    "@types/koa-compose" "*"
    "@types/node" "*"

"@types/mime@*":
  version "2.0.0"
  resolved "http://r.npm.sankuai.com/@types/mime/download/@types/mime-2.0.0.tgz#5a7306e367c539b9f6543499de8dd519fac37a8b"

"@types/node@*":
  version "8.0.56"
  resolved "http://r.npm.sankuai.com/@types/node/download/@types/node-8.0.56.tgz#c4652f88d7a677e26ccc16c1485c282ce28f1ce9"

"@types/pug@^2.0.4":
  version "2.0.4"
  resolved "http://r.npm.sankuai.com/@types/pug/download/@types/pug-2.0.4.tgz#8772fcd0418e3cd2cc171555d73007415051f4b2"

"@types/serve-static@*":
  version "1.13.1"
  resolved "http://r.npm.sankuai.com/@types/serve-static/download/@types/serve-static-1.13.1.tgz#1d2801fa635d274cd97d4ec07e26b21b44127492"
  dependencies:
    "@types/express-serve-static-core" "*"
    "@types/mime" "*"

acorn-globals@^3.0.0:
  version "3.1.0"
  resolved "http://r.npm.sankuai.com/acorn-globals/download/acorn-globals-3.1.0.tgz#fd8270f71fbb4996b004fa880ee5d46573a731bf"
  dependencies:
    acorn "^4.0.4"

acorn@^3.1.0, acorn@~3.3.0:
  version "3.3.0"
  resolved "http://r.npm.sankuai.com/acorn/download/acorn-3.3.0.tgz#45e37fb39e8da3f25baee3ff5369e2bb5f22017a"

acorn@^4.0.4, acorn@~4.0.2:
  version "4.0.13"
  resolved "http://r.npm.sankuai.com/acorn/download/acorn-4.0.13.tgz#105495ae5361d697bd195c825192e1ad7f253787"

align-text@^0.1.1, align-text@^0.1.3:
  version "0.1.4"
  resolved "http://r.npm.sankuai.com/align-text/download/align-text-0.1.4.tgz#0cd90a561093f35d0a99256c22b7069433fad117"
  dependencies:
    kind-of "^3.0.2"
    longest "^1.0.1"
    repeat-string "^1.5.2"

amdefine@>=0.0.4:
  version "1.0.1"
  resolved "http://r.npm.sankuai.com/amdefine/download/amdefine-1.0.1.tgz#4a5282ac164729e93619bcfd3ad151f817ce91f5"

asap@~2.0.3:
  version "2.0.6"
  resolved "http://r.npm.sankuai.com/asap/download/asap-2.0.6.tgz#e50347611d7e690943208bbdafebcbc2fb866d46"

camelcase@^1.0.2:
  version "1.2.1"
  resolved "http://r.npm.sankuai.com/camelcase/download/camelcase-1.2.1.tgz#9bb5304d2e0b56698b2c758b08a3eaa9daa58a39"

center-align@^0.1.1:
  version "0.1.3"
  resolved "http://r.npm.sankuai.com/center-align/download/center-align-0.1.3.tgz#aa0d32629b6ee972200411cbd4461c907bc2b7ad"
  dependencies:
    align-text "^0.1.3"
    lazy-cache "^1.0.3"

character-parser@^2.1.1:
  version "2.2.0"
  resolved "http://r.npm.sankuai.com/character-parser/download/character-parser-2.2.0.tgz#c7ce28f36d4bcd9744e5ffc2c5fcde1c73261fc0"
  dependencies:
    is-regex "^1.0.3"

clean-css@^3.3.0:
  version "3.4.28"
  resolved "http://r.npm.sankuai.com/clean-css/download/clean-css-3.4.28.tgz#bf1945e82fc808f55695e6ddeaec01400efd03ff"
  dependencies:
    commander "2.8.x"
    source-map "0.4.x"

cliui@^2.1.0:
  version "2.1.0"
  resolved "http://r.npm.sankuai.com/cliui/download/cliui-2.1.0.tgz#4b475760ff80264c762c3a1719032e91c7fea0d1"
  dependencies:
    center-align "^0.1.1"
    right-align "^0.1.1"
    wordwrap "0.0.2"

commander@2.8.x:
  version "2.8.1"
  resolved "http://r.npm.sankuai.com/commander/download/commander-2.8.1.tgz#06be367febfda0c330aa1e2a072d3dc9762425d4"
  dependencies:
    graceful-readlink ">= 1.0.0"

constantinople@^3.0.1:
  version "3.1.0"
  resolved "http://r.npm.sankuai.com/constantinople/download/constantinople-3.1.0.tgz#7569caa8aa3f8d5935d62e1fa96f9f702cd81c79"
  dependencies:
    acorn "^3.1.0"
    is-expression "^2.0.1"

decamelize@^1.0.0:
  version "1.2.0"
  resolved "http://r.npm.sankuai.com/decamelize/download/decamelize-1.2.0.tgz#f6534d15148269b20352e7bee26f501f9a191290"

doctypes@^1.1.0:
  version "1.1.0"
  resolved "http://r.npm.sankuai.com/doctypes/download/doctypes-1.1.0.tgz#ea80b106a87538774e8a3a4a5afe293de489e0a9"

function-bind@^1.0.2:
  version "1.1.1"
  resolved "http://r.npm.sankuai.com/function-bind/download/function-bind-1.1.1.tgz#a56899d3ea3c9bab874bb9773b7c5ede92f4895d"

"graceful-readlink@>= 1.0.0":
  version "1.0.1"
  resolved "http://r.npm.sankuai.com/graceful-readlink/download/graceful-readlink-1.0.1.tgz#4cafad76bc62f02fa039b2f94e9a3dd3a391a725"

has@^1.0.1:
  version "1.0.1"
  resolved "http://r.npm.sankuai.com/has/download/has-1.0.1.tgz#8461733f538b0837c9361e39a9ab9e9704dc2f28"
  dependencies:
    function-bind "^1.0.2"

is-buffer@^1.1.5:
  version "1.1.6"
  resolved "http://r.npm.sankuai.com/is-buffer/download/is-buffer-1.1.6.tgz#efaa2ea9daa0d7ab2ea13a97b2b8ad51fefbe8be"

is-expression@^2.0.1:
  version "2.1.0"
  resolved "http://r.npm.sankuai.com/is-expression/download/is-expression-2.1.0.tgz#91be9d47debcfef077977e9722be6dcfb4465ef0"
  dependencies:
    acorn "~3.3.0"
    object-assign "^4.0.1"

is-expression@^3.0.0:
  version "3.0.0"
  resolved "http://r.npm.sankuai.com/is-expression/download/is-expression-3.0.0.tgz#39acaa6be7fd1f3471dc42c7416e61c24317ac9f"
  dependencies:
    acorn "~4.0.2"
    object-assign "^4.0.1"

is-promise@^2.0.0:
  version "2.1.0"
  resolved "http://r.npm.sankuai.com/is-promise/download/is-promise-2.1.0.tgz#79a2a9ece7f096e80f36d2b2f3bc16c1ff4bf3fa"

is-regex@^1.0.3:
  version "1.0.4"
  resolved "http://r.npm.sankuai.com/is-regex/download/is-regex-1.0.4.tgz#5517489b547091b0930e095654ced25ee97e9491"
  dependencies:
    has "^1.0.1"

js-stringify@^1.0.1:
  version "1.0.2"
  resolved "http://r.npm.sankuai.com/js-stringify/download/js-stringify-1.0.2.tgz#1736fddfd9724f28a3682adc6230ae7e4e9679db"

jstransformer@1.0.0:
  version "1.0.0"
  resolved "http://r.npm.sankuai.com/jstransformer/download/jstransformer-1.0.0.tgz#ed8bf0921e2f3f1ed4d5c1a44f68709ed24722c3"
  dependencies:
    is-promise "^2.0.0"
    promise "^7.0.1"

kind-of@^3.0.2:
  version "3.2.2"
  resolved "http://r.npm.sankuai.com/kind-of/download/kind-of-3.2.2.tgz#31ea21a734bab9bbb0f32466d893aea51e4a3c64"
  dependencies:
    is-buffer "^1.1.5"

lazy-cache@^1.0.3:
  version "1.0.4"
  resolved "http://r.npm.sankuai.com/lazy-cache/download/lazy-cache-1.0.4.tgz#a1d78fc3a50474cb80845d3b3b6e1da49a446e8e"

longest@^1.0.1:
  version "1.0.1"
  resolved "http://r.npm.sankuai.com/longest/download/longest-1.0.1.tgz#30a0b2da38f73770e8294a0d22e6625ed77d0097"

object-assign@^4.0.1, object-assign@^4.1.0:
  version "4.1.1"
  resolved "http://r.npm.sankuai.com/object-assign/download/object-assign-4.1.1.tgz#2109adc7965887cfc05cbbd442cac8bfbb360863"

path-parse@^1.0.5:
  version "1.0.5"
  resolved "http://r.npm.sankuai.com/path-parse/download/path-parse-1.0.5.tgz#3c1adf871ea9cd6c9431b6ea2bd74a0ff055c4c1"

promise@^7.0.1:
  version "7.3.1"
  resolved "http://r.npm.sankuai.com/promise/download/promise-7.3.1.tgz#064b72602b18f90f29192b8b1bc418ffd1ebd3bf"
  dependencies:
    asap "~2.0.3"

pug-attrs@^2.0.2:
  version "2.0.2"
  resolved "http://r.npm.sankuai.com/pug-attrs/download/pug-attrs-2.0.2.tgz#8be2b2225568ffa75d1b866982bff9f4111affcb"
  dependencies:
    constantinople "^3.0.1"
    js-stringify "^1.0.1"
    pug-runtime "^2.0.3"

pug-code-gen@^2.0.0:
  version "2.0.0"
  resolved "http://r.npm.sankuai.com/pug-code-gen/download/pug-code-gen-2.0.0.tgz#96aea39a9e62f1ec5d2b6a5b42a29d528c70b43d"
  dependencies:
    constantinople "^3.0.1"
    doctypes "^1.1.0"
    js-stringify "^1.0.1"
    pug-attrs "^2.0.2"
    pug-error "^1.3.2"
    pug-runtime "^2.0.3"
    void-elements "^2.0.1"
    with "^5.0.0"

pug-error@^1.3.2:
  version "1.3.2"
  resolved "http://r.npm.sankuai.com/pug-error/download/pug-error-1.3.2.tgz#53ae7d9d29bb03cf564493a026109f54c47f5f26"

pug-filters@^2.1.5:
  version "2.1.5"
  resolved "http://r.npm.sankuai.com/pug-filters/download/pug-filters-2.1.5.tgz#66bf6e80d97fbef829bab0aa35eddff33fc964f3"
  dependencies:
    clean-css "^3.3.0"
    constantinople "^3.0.1"
    jstransformer "1.0.0"
    pug-error "^1.3.2"
    pug-walk "^1.1.5"
    resolve "^1.1.6"
    uglify-js "^2.6.1"

pug-lexer@^3.1.0:
  version "3.1.0"
  resolved "http://r.npm.sankuai.com/pug-lexer/download/pug-lexer-3.1.0.tgz#fd087376d4a675b4f59f8fef422883434e9581a2"
  dependencies:
    character-parser "^2.1.1"
    is-expression "^3.0.0"
    pug-error "^1.3.2"

pug-linker@^3.0.3:
  version "3.0.3"
  resolved "http://r.npm.sankuai.com/pug-linker/download/pug-linker-3.0.3.tgz#25f59eb750237f0368e59c3379764229c0189c41"
  dependencies:
    pug-error "^1.3.2"
    pug-walk "^1.1.5"

pug-load@^2.0.9:
  version "2.0.9"
  resolved "http://r.npm.sankuai.com/pug-load/download/pug-load-2.0.9.tgz#ee217c914cc1d9324d44b86c32d1df241d36de7a"
  dependencies:
    object-assign "^4.1.0"
    pug-walk "^1.1.5"

pug-parser@^4.0.0:
  version "4.0.0"
  resolved "http://r.npm.sankuai.com/pug-parser/download/pug-parser-4.0.0.tgz#c9f52322e4eabe4bf5beeba64ed18373bb627801"
  dependencies:
    pug-error "^1.3.2"
    token-stream "0.0.1"

pug-runtime@^2.0.3:
  version "2.0.3"
  resolved "http://r.npm.sankuai.com/pug-runtime/download/pug-runtime-2.0.3.tgz#98162607b0fce9e254d427f33987a5aee7168bda"

pug-strip-comments@^1.0.2:
  version "1.0.2"
  resolved "http://r.npm.sankuai.com/pug-strip-comments/download/pug-strip-comments-1.0.2.tgz#d313afa01bcc374980e1399e23ebf2eb9bdc8513"
  dependencies:
    pug-error "^1.3.2"

pug-walk@^1.1.5:
  version "1.1.5"
  resolved "http://r.npm.sankuai.com/pug-walk/download/pug-walk-1.1.5.tgz#90e943acbcf7021e6454cf1b32245891cba6f851"

pug@^2.0.0-rc.4:
  version "2.0.0-rc.4"
  resolved "http://r.npm.sankuai.com/pug/download/pug-2.0.0-rc.4.tgz#b7b08f6599bd5302568042b7436984fb28c80a13"
  dependencies:
    pug-code-gen "^2.0.0"
    pug-filters "^2.1.5"
    pug-lexer "^3.1.0"
    pug-linker "^3.0.3"
    pug-load "^2.0.9"
    pug-parser "^4.0.0"
    pug-runtime "^2.0.3"
    pug-strip-comments "^1.0.2"

repeat-string@^1.5.2:
  version "1.6.1"
  resolved "http://r.npm.sankuai.com/repeat-string/download/repeat-string-1.6.1.tgz#8dcae470e1c88abc2d600fff4a776286da75e637"

resolve@^1.1.6:
  version "1.5.0"
  resolved "http://r.npm.sankuai.com/resolve/download/resolve-1.5.0.tgz#1f09acce796c9a762579f31b2c1cc4c3cddf9f36"
  dependencies:
    path-parse "^1.0.5"

right-align@^0.1.1:
  version "0.1.3"
  resolved "http://r.npm.sankuai.com/right-align/download/right-align-0.1.3.tgz#61339b722fe6a3515689210d24e14c96148613ef"
  dependencies:
    align-text "^0.1.1"

source-map@0.4.x:
  version "0.4.4"
  resolved "http://r.npm.sankuai.com/source-map/download/source-map-0.4.4.tgz#eba4f5da9c0dc999de68032d8b4f76173652036b"
  dependencies:
    amdefine ">=0.0.4"

source-map@~0.5.1:
  version "0.5.7"
  resolved "http://r.npm.sankuai.com/source-map/download/source-map-0.5.7.tgz#8a039d2d1021d22d1ea14c80d8ea468ba2ef3fcc"

token-stream@0.0.1:
  version "0.0.1"
  resolved "http://r.npm.sankuai.com/token-stream/download/token-stream-0.0.1.tgz#ceeefc717a76c4316f126d0b9dbaa55d7e7df01a"

typescript@^2.6.2:
  version "2.6.2"
  resolved "http://r.npm.sankuai.com/typescript/download/typescript-2.6.2.tgz#3c5b6fd7f6de0914269027f03c0946758f7673a4"

uglify-js@^2.6.1:
  version "2.8.29"
  resolved "http://r.npm.sankuai.com/uglify-js/download/uglify-js-2.8.29.tgz#29c5733148057bb4e1f75df35b7a9cb72e6a59dd"
  dependencies:
    source-map "~0.5.1"
    yargs "~3.10.0"
  optionalDependencies:
    uglify-to-browserify "~1.0.0"

uglify-to-browserify@~1.0.0:
  version "1.0.2"
  resolved "http://r.npm.sankuai.com/uglify-to-browserify/download/uglify-to-browserify-1.0.2.tgz#6e0924d6bda6b5afe349e39a6d632850a0f882b7"

void-elements@^2.0.1:
  version "2.0.1"
  resolved "http://r.npm.sankuai.com/void-elements/download/void-elements-2.0.1.tgz#c066afb582bb1cb4128d60ea92392e94d5e9dbec"

window-size@0.1.0:
  version "0.1.0"
  resolved "http://r.npm.sankuai.com/window-size/download/window-size-0.1.0.tgz#5438cd2ea93b202efa3a19fe8887aee7c94f9c9d"

with@^5.0.0:
  version "5.1.1"
  resolved "http://r.npm.sankuai.com/with/download/with-5.1.1.tgz#fa4daa92daf32c4ea94ed453c81f04686b575dfe"
  dependencies:
    acorn "^3.1.0"
    acorn-globals "^3.0.0"

wordwrap@0.0.2:
  version "0.0.2"
  resolved "http://r.npm.sankuai.com/wordwrap/download/wordwrap-0.0.2.tgz#b79669bb42ecb409f83d583cad52ca17eaa1643f"

yargs@~3.10.0:
  version "3.10.0"
  resolved "http://r.npm.sankuai.com/yargs/download/yargs-3.10.0.tgz#f7ee7bd857dd7c1d2d38c0e74efbd681d1431fd1"
  dependencies:
    camelcase "^1.0.2"
    cliui "^2.1.0"
    decamelize "^1.0.0"
    window-size "0.1.0"
